
Microsoft Visual Studio Solution File, Format Version 12.00
# Visual Studio Version 17
VisualStudioVersion = 17.3.32825.248
MinimumVisualStudioVersion = 10.0.40219.1
Project("{888888A0-9F3D-457C-B088-3A5042F75D52}") = "MCM Plant Diversity and Drought", "MCM Plant Diversity and Drought.pyproj", "{E3B9B5FB-0EA4-4FF9-AA4C-84CCE5CB7330}"
EndProject
Global
	GlobalSection(SolutionConfigurationPlatforms) = preSolution
		Debug|Any CPU = Debug|Any CPU
		Release|Any CPU = Release|Any CPU
	EndGlobalSection
	GlobalSection(ProjectConfigurationPlatforms) = postSolution
		{E3B9B5FB-0EA4-4FF9-AA4C-84CCE5CB7330}.Debug|Any CPU.ActiveCfg = Debug|Any CPU
		{E3B9B5FB-0EA4-4FF9-AA4C-84CCE5CB7330}.Release|Any CPU.ActiveCfg = Release|Any CPU
	EndGlobalSection
	GlobalSection(SolutionProperties) = preSolution
		HideSolutionNode = FALSE
	EndGlobalSection
	GlobalSection(ExtensibilityGlobals) = postSolution
		SolutionGuid = {7EB09A87-D388-492C-A7E8-E2BF121C123A}
	EndGlobalSection
EndGlobal
